{
  "name": "musicbrainz-bookmarklets",
  "version": "0.1.0",
  "lockfileVersion": 1,
  "requires": true,
  "dependencies": {
    "fsevents": {
      "version": "2.3.2",
      "resolved": "https://registry.npmjs.org/fsevents/-/fsevents-2.3.2.tgz",
      "integrity": "sha512-xiqMQR4xAeHTuB9uWm+fFRcIOgKBMiOBP+eXiyT7jsgVCq1bkVygt00oASowB7EdtpOHaaPgKt812P9ab+DDKA==",
      "dev": true,
      "optional": true
    },
    "rollup": {
      "version": "2.38.5",
      "resolved": "https://registry.npmjs.org/rollup/-/rollup-2.38.5.tgz",
      "integrity": "sha512-VoWt8DysFGDVRGWuHTqZzT02J0ASgjVq/hPs9QcBOGMd7B+jfTr/iqMVEyOi901rE3xq+Deq66GzIT1yt7sGwQ==",
      "dev": true,
      "requires": {
        "fsevents": "~2.3.1"
      }
    },
    "uglify-js": {
      "version": "3.12.6",
      "resolved": "https://registry.npmjs.org/uglify-js/-/uglify-js-3.12.6.tgz",
      "integrity": "sha512-aqWHe3DfQmZUDGWBbabZ2eQnJlQd1fKlMUu7gV+MiTuDzdgDw31bI3wA2jLLsV/hNcDP26IfyEgSVoft5+0SVw==",
      "dev": true
    }
  }
}
